
Microsoft Visual Studio Solution File, Format Version 12.00
# Visual Studio Version 16
VisualStudioVersion = 16.0.31424.327
MinimumVisualStudioVersion = 10.0.40219.1
Project("{FAE04EC0-301F-11D3-BF4B-00C04F79EFBC}") = "SystemYNP", "SystemYNP\SystemYNP.csproj", "{343C3763-863E-4652-98E0-451FBC88AFDF}"
EndProject
Global
	GlobalSection(SolutionConfigurationPlatforms) = preSolution
		Debug|Any CPU = Debug|Any CPU
		Release|Any CPU = Release|Any CPU
	EndGlobalSection
	GlobalSection(ProjectConfigurationPlatforms) = postSolution
		{343C3763-863E-4652-98E0-451FBC88AFDF}.Debug|Any CPU.ActiveCfg = Debug|Any CPU
		{343C3763-863E-4652-98E0-451FBC88AFDF}.Debug|Any CPU.Build.0 = Debug|Any CPU
		{343C3763-863E-4652-98E0-451FBC88AFDF}.Release|Any CPU.ActiveCfg = Release|Any CPU
		{343C3763-863E-4652-98E0-451FBC88AFDF}.Release|Any CPU.Build.0 = Release|Any CPU
	EndGlobalSection
	GlobalSection(SolutionProperties) = preSolution
		HideSolutionNode = FALSE
	EndGlobalSection
	GlobalSection(ExtensibilityGlobals) = postSolution
		SolutionGuid = {4D3F02F2-5D95-49C0-B313-1D85406F9088}
	EndGlobalSection
EndGlobal
